{
  "name": "js.html",
  "lockfileVersion": 2,
  "requires": true,
  "packages": {
    "": {
      "dependencies": {
        "git": "^0.1.3"
      }
    },
    "node_modules/compress": {
      "version": "0.99.0",
      "resolved": "https://registry.npmjs.org/compress/-/compress-0.99.0.tgz",
      "integrity": "sha1-l+MBwlxNAfCX2FED9l7Msud5ZQI="
    },
    "node_modules/git": {
      "version": "0.1.3",
      "resolved": "https://registry.npmjs.org/git/-/git-0.1.3.tgz",
      "integrity": "sha1-/GN2ayWl9ApK/6IgmeakBUlg7FU=",
      "os": [
        "linux",
        "darwin",
        "freebsd"
      ],
      "dependencies": {
        "compress": ">=0.1.6"
      },
      "engines": {
        "node": ">=0.4.0"
      }
    }
  },
  "dependencies": {
    "compress": {
      "version": "0.99.0",
      "resolved": "https://registry.npmjs.org/compress/-/compress-0.99.0.tgz",
      "integrity": "sha1-l+MBwlxNAfCX2FED9l7Msud5ZQI="
    },
    "git": {
      "version": "0.1.3",
      "resolved": "https://registry.npmjs.org/git/-/git-0.1.3.tgz",
      "integrity": "sha1-/GN2ayWl9ApK/6IgmeakBUlg7FU=",
      "requires": {
        "compress": ">=0.1.6"
      }
    }
  }
}
